
Microsoft Visual Studio Solution File, Format Version 12.00
# Visual Studio Version 16
VisualStudioVersion = 16.0.30011.22
MinimumVisualStudioVersion = 10.0.40219.1
Project("{FAE04EC0-301F-11D3-BF4B-00C04F79EFBC}") = "BudgetApp", "BudgetApp\BudgetApp.csproj", "{C8F5E85B-B6F0-471E-BB97-79B357903AE2}"
EndProject
Global
	GlobalSection(SolutionConfigurationPlatforms) = preSolution
		Debug|Any CPU = Debug|Any CPU
		Release|Any CPU = Release|Any CPU
	EndGlobalSection
	GlobalSection(ProjectConfigurationPlatforms) = postSolution
		{C8F5E85B-B6F0-471E-BB97-79B357903AE2}.Debug|Any CPU.ActiveCfg = Debug|Any CPU
		{C8F5E85B-B6F0-471E-BB97-79B357903AE2}.Debug|Any CPU.Build.0 = Debug|Any CPU
		{C8F5E85B-B6F0-471E-BB97-79B357903AE2}.Release|Any CPU.ActiveCfg = Release|Any CPU
		{C8F5E85B-B6F0-471E-BB97-79B357903AE2}.Release|Any CPU.Build.0 = Release|Any CPU
	EndGlobalSection
	GlobalSection(SolutionProperties) = preSolution
		HideSolutionNode = FALSE
	EndGlobalSection
	GlobalSection(ExtensibilityGlobals) = postSolution
		SolutionGuid = {2FEBC319-2FF1-4155-8469-79392EF60917}
	EndGlobalSection
EndGlobal
